
Microsoft Visual Studio Solution File, Format Version 12.00
# Visual Studio Version 17
VisualStudioVersion = 17.3.32929.385
MinimumVisualStudioVersion = 10.0.40219.1
Project("{FAE04EC0-301F-11D3-BF4B-00C04F79EFBC}") = "HTML-hemsida WPF (GUI för programmerare)", "HTML-hemsida WPF (GUI för programmerare).csproj", "{2BD6D174-9A67-460E-81A8-5F4ACA8D3577}"
EndProject
Global
	GlobalSection(SolutionConfigurationPlatforms) = preSolution
		Debug|Any CPU = Debug|Any CPU
		Release|Any CPU = Release|Any CPU
	EndGlobalSection
	GlobalSection(ProjectConfigurationPlatforms) = postSolution
		{2BD6D174-9A67-460E-81A8-5F4ACA8D3577}.Debug|Any CPU.ActiveCfg = Debug|Any CPU
		{2BD6D174-9A67-460E-81A8-5F4ACA8D3577}.Debug|Any CPU.Build.0 = Debug|Any CPU
		{2BD6D174-9A67-460E-81A8-5F4ACA8D3577}.Release|Any CPU.ActiveCfg = Release|Any CPU
		{2BD6D174-9A67-460E-81A8-5F4ACA8D3577}.Release|Any CPU.Build.0 = Release|Any CPU
	EndGlobalSection
	GlobalSection(SolutionProperties) = preSolution
		HideSolutionNode = FALSE
	EndGlobalSection
	GlobalSection(ExtensibilityGlobals) = postSolution
		SolutionGuid = {4C32C09D-2900-4D8B-8C03-71DE50C02467}
	EndGlobalSection
EndGlobal
