
Microsoft Visual Studio Solution File, Format Version 12.00
# Visual Studio Version 17
VisualStudioVersion = 17.3.32929.385
MinimumVisualStudioVersion = 10.0.40219.1
Project("{FAE04EC0-301F-11D3-BF4B-00C04F79EFBC}") = "WPF Tidsrapportering", "WPF Tidsrapportering.csproj", "{D12A03BA-3827-4AF8-B5A2-9659709C2D62}"
EndProject
Global
	GlobalSection(SolutionConfigurationPlatforms) = preSolution
		Debug|Any CPU = Debug|Any CPU
		Release|Any CPU = Release|Any CPU
	EndGlobalSection
	GlobalSection(ProjectConfigurationPlatforms) = postSolution
		{D12A03BA-3827-4AF8-B5A2-9659709C2D62}.Debug|Any CPU.ActiveCfg = Debug|Any CPU
		{D12A03BA-3827-4AF8-B5A2-9659709C2D62}.Debug|Any CPU.Build.0 = Debug|Any CPU
		{D12A03BA-3827-4AF8-B5A2-9659709C2D62}.Release|Any CPU.ActiveCfg = Release|Any CPU
		{D12A03BA-3827-4AF8-B5A2-9659709C2D62}.Release|Any CPU.Build.0 = Release|Any CPU
	EndGlobalSection
	GlobalSection(SolutionProperties) = preSolution
		HideSolutionNode = FALSE
	EndGlobalSection
	GlobalSection(ExtensibilityGlobals) = postSolution
		SolutionGuid = {6C65DE9D-F346-4A88-851B-4AA9FCCC4FDD}
	EndGlobalSection
EndGlobal
