
Microsoft Visual Studio Solution File, Format Version 12.00
# Visual Studio Version 17
VisualStudioVersion = 17.3.32929.385
MinimumVisualStudioVersion = 10.0.40219.1
Project("{FAE04EC0-301F-11D3-BF4B-00C04F79EFBC}") = "WPF WorkDoc2000", "WPF WorkDoc2000.csproj", "{8EAE1ECA-F043-4172-88A7-82B312F2FB73}"
EndProject
Global
	GlobalSection(SolutionConfigurationPlatforms) = preSolution
		Debug|Any CPU = Debug|Any CPU
		Release|Any CPU = Release|Any CPU
	EndGlobalSection
	GlobalSection(ProjectConfigurationPlatforms) = postSolution
		{8EAE1ECA-F043-4172-88A7-82B312F2FB73}.Debug|Any CPU.ActiveCfg = Debug|Any CPU
		{8EAE1ECA-F043-4172-88A7-82B312F2FB73}.Debug|Any CPU.Build.0 = Debug|Any CPU
		{8EAE1ECA-F043-4172-88A7-82B312F2FB73}.Release|Any CPU.ActiveCfg = Release|Any CPU
		{8EAE1ECA-F043-4172-88A7-82B312F2FB73}.Release|Any CPU.Build.0 = Release|Any CPU
	EndGlobalSection
	GlobalSection(SolutionProperties) = preSolution
		HideSolutionNode = FALSE
	EndGlobalSection
	GlobalSection(ExtensibilityGlobals) = postSolution
		SolutionGuid = {704A2CDF-9E60-4697-85FC-30C8EBF41025}
	EndGlobalSection
EndGlobal
