
Microsoft Visual Studio Solution File, Format Version 12.00
# Visual Studio Version 17
VisualStudioVersion = 17.3.32929.385
MinimumVisualStudioVersion = 10.0.40219.1
Project("{FAE04EC0-301F-11D3-BF4B-00C04F79EFBC}") = "WPF EmailChecker", "WPF EmailChecker.csproj", "{4E1512EC-A937-4D08-B818-C33C673C66D3}"
EndProject
Global
	GlobalSection(SolutionConfigurationPlatforms) = preSolution
		Debug|Any CPU = Debug|Any CPU
		Release|Any CPU = Release|Any CPU
	EndGlobalSection
	GlobalSection(ProjectConfigurationPlatforms) = postSolution
		{4E1512EC-A937-4D08-B818-C33C673C66D3}.Debug|Any CPU.ActiveCfg = Debug|Any CPU
		{4E1512EC-A937-4D08-B818-C33C673C66D3}.Debug|Any CPU.Build.0 = Debug|Any CPU
		{4E1512EC-A937-4D08-B818-C33C673C66D3}.Release|Any CPU.ActiveCfg = Release|Any CPU
		{4E1512EC-A937-4D08-B818-C33C673C66D3}.Release|Any CPU.Build.0 = Release|Any CPU
	EndGlobalSection
	GlobalSection(SolutionProperties) = preSolution
		HideSolutionNode = FALSE
	EndGlobalSection
	GlobalSection(ExtensibilityGlobals) = postSolution
		SolutionGuid = {6F8DA173-385F-4BC0-ABDB-D0953463EBFD}
	EndGlobalSection
EndGlobal
